
Microsoft Visual Studio Solution File, Format Version 12.00
# Visual Studio Version 16
VisualStudioVersion = 16.0.30517.126
MinimumVisualStudioVersion = 10.0.40219.1
Project("{FAE04EC0-301F-11D3-BF4B-00C04F79EFBC}") = "StoredProceduresTask", "StoredProceduresTask\StoredProceduresTask.csproj", "{EBB84541-34BE-4401-9A57-FA7B806B2F24}"
EndProject
Global
	GlobalSection(SolutionConfigurationPlatforms) = preSolution
		Debug|Any CPU = Debug|Any CPU
		Release|Any CPU = Release|Any CPU
	EndGlobalSection
	GlobalSection(ProjectConfigurationPlatforms) = postSolution
		{EBB84541-34BE-4401-9A57-FA7B806B2F24}.Debug|Any CPU.ActiveCfg = Debug|Any CPU
		{EBB84541-34BE-4401-9A57-FA7B806B2F24}.Debug|Any CPU.Build.0 = Debug|Any CPU
		{EBB84541-34BE-4401-9A57-FA7B806B2F24}.Release|Any CPU.ActiveCfg = Release|Any CPU
		{EBB84541-34BE-4401-9A57-FA7B806B2F24}.Release|Any CPU.Build.0 = Release|Any CPU
	EndGlobalSection
	GlobalSection(SolutionProperties) = preSolution
		HideSolutionNode = FALSE
	EndGlobalSection
	GlobalSection(ExtensibilityGlobals) = postSolution
		SolutionGuid = {58DD5E46-43F9-4E84-87B2-D88CB4E8D200}
	EndGlobalSection
EndGlobal
